
Microsoft Visual Studio Solution File, Format Version 12.00
# Visual Studio 2013
VisualStudioVersion = 12.0.31101.0
MinimumVisualStudioVersion = 10.0.40219.1
Project("{FAE04EC0-301F-11D3-BF4B-00C04F79EFBC}") = "WcfEntitiesSample", "WcfEntitiesSample\WcfEntitiesSample.csproj", "{F339B0EA-FDA2-4C4A-8F05-14F71AE509CE}"
	ProjectSection(ProjectDependencies) = postProject
		{C73653FD-99C0-4C9D-8583-F8DF6B419643} = {C73653FD-99C0-4C9D-8583-F8DF6B419643}
	EndProjectSection
EndProject
Project("{FAE04EC0-301F-11D3-BF4B-00C04F79EFBC}") = "WcfEntitiesSample.Web", "WcfEntitiesSample.Web\WcfEntitiesSample.Web.csproj", "{C73653FD-99C0-4C9D-8583-F8DF6B419643}"
EndProject
Project("{FAE04EC0-301F-11D3-BF4B-00C04F79EFBC}") = "WcfEntitiesSample.Model.Silverlight", "WcfEntitiesSample.Model.Silverlight\WcfEntitiesSample.Model.Silverlight.csproj", "{CAFB6695-527B-4237-91C6-F7AEAD57755A}"
EndProject
Project("{FAE04EC0-301F-11D3-BF4B-00C04F79EFBC}") = "WcfEntitiesSample.Model.Net", "WcfEntitiesSample.Model.Net\WcfEntitiesSample.Model.Net.csproj", "{C0040CF7-4AFF-4654-BFF6-E4F80A353EFB}"
EndProject
Project("{FAE04EC0-301F-11D3-BF4B-00C04F79EFBC}") = "WcfEntitiesSample.Data", "WcfEntitiesSample.Data\WcfEntitiesSample.Data.csproj", "{ED5337CF-A463-427F-9106-2F9A2D7BF281}"
EndProject
Global
	GlobalSection(SolutionConfigurationPlatforms) = preSolution
		Debug|Any CPU = Debug|Any CPU
		Release|Any CPU = Release|Any CPU
	EndGlobalSection
	GlobalSection(ProjectConfigurationPlatforms) = postSolution
		{F339B0EA-FDA2-4C4A-8F05-14F71AE509CE}.Debug|Any CPU.ActiveCfg = Debug|Any CPU
		{F339B0EA-FDA2-4C4A-8F05-14F71AE509CE}.Debug|Any CPU.Build.0 = Debug|Any CPU
		{F339B0EA-FDA2-4C4A-8F05-14F71AE509CE}.Release|Any CPU.ActiveCfg = Release|Any CPU
		{F339B0EA-FDA2-4C4A-8F05-14F71AE509CE}.Release|Any CPU.Build.0 = Release|Any CPU
		{C73653FD-99C0-4C9D-8583-F8DF6B419643}.Debug|Any CPU.ActiveCfg = Debug|Any CPU
		{C73653FD-99C0-4C9D-8583-F8DF6B419643}.Debug|Any CPU.Build.0 = Debug|Any CPU
		{C73653FD-99C0-4C9D-8583-F8DF6B419643}.Release|Any CPU.ActiveCfg = Release|Any CPU
		{C73653FD-99C0-4C9D-8583-F8DF6B419643}.Release|Any CPU.Build.0 = Release|Any CPU
		{CAFB6695-527B-4237-91C6-F7AEAD57755A}.Debug|Any CPU.ActiveCfg = Debug|Any CPU
		{CAFB6695-527B-4237-91C6-F7AEAD57755A}.Debug|Any CPU.Build.0 = Debug|Any CPU
		{CAFB6695-527B-4237-91C6-F7AEAD57755A}.Release|Any CPU.ActiveCfg = Release|Any CPU
		{CAFB6695-527B-4237-91C6-F7AEAD57755A}.Release|Any CPU.Build.0 = Release|Any CPU
		{C0040CF7-4AFF-4654-BFF6-E4F80A353EFB}.Debug|Any CPU.ActiveCfg = Debug|Any CPU
		{C0040CF7-4AFF-4654-BFF6-E4F80A353EFB}.Debug|Any CPU.Build.0 = Debug|Any CPU
		{C0040CF7-4AFF-4654-BFF6-E4F80A353EFB}.Release|Any CPU.ActiveCfg = Release|Any CPU
		{C0040CF7-4AFF-4654-BFF6-E4F80A353EFB}.Release|Any CPU.Build.0 = Release|Any CPU
		{ED5337CF-A463-427F-9106-2F9A2D7BF281}.Debug|Any CPU.ActiveCfg = Debug|Any CPU
		{ED5337CF-A463-427F-9106-2F9A2D7BF281}.Debug|Any CPU.Build.0 = Debug|Any CPU
		{ED5337CF-A463-427F-9106-2F9A2D7BF281}.Release|Any CPU.ActiveCfg = Release|Any CPU
		{ED5337CF-A463-427F-9106-2F9A2D7BF281}.Release|Any CPU.Build.0 = Release|Any CPU
	EndGlobalSection
	GlobalSection(SolutionProperties) = preSolution
		HideSolutionNode = FALSE
	EndGlobalSection
EndGlobal
